
Microsoft Visual Studio Solution File, Format Version 12.00
# Visual Studio Version 16
VisualStudioVersion = 16.0.28803.156
MinimumVisualStudioVersion = 10.0.40219.1
Project("{FAE04EC0-301F-11D3-BF4B-00C04F79EFBC}") = "onlineExam", "onlineExam\onlineExam.csproj", "{BD70BE50-67F6-4B9A-B3E6-03C961D527CB}"
EndProject
Global
	GlobalSection(SolutionConfigurationPlatforms) = preSolution
		Debug|Any CPU = Debug|Any CPU
		Release|Any CPU = Release|Any CPU
	EndGlobalSection
	GlobalSection(ProjectConfigurationPlatforms) = postSolution
		{BD70BE50-67F6-4B9A-B3E6-03C961D527CB}.Debug|Any CPU.ActiveCfg = Debug|Any CPU
		{BD70BE50-67F6-4B9A-B3E6-03C961D527CB}.Debug|Any CPU.Build.0 = Debug|Any CPU
		{BD70BE50-67F6-4B9A-B3E6-03C961D527CB}.Release|Any CPU.ActiveCfg = Release|Any CPU
		{BD70BE50-67F6-4B9A-B3E6-03C961D527CB}.Release|Any CPU.Build.0 = Release|Any CPU
	EndGlobalSection
	GlobalSection(SolutionProperties) = preSolution
		HideSolutionNode = FALSE
	EndGlobalSection
	GlobalSection(ExtensibilityGlobals) = postSolution
		SolutionGuid = {1A38EEFB-1DD4-4688-98B8-0A81F6FD33E2}
	EndGlobalSection
EndGlobal
